{
  "name": "elate-ts-ws",
  "version": "1.0.0",
  "lockfileVersion": 1,
  "requires": true,
  "dependencies": {
    "@types/jest": {
      "version": "24.0.1",
      "resolved": "https://registry.npmjs.org/@types/jest/-/jest-24.0.1.tgz",
      "integrity": "sha512-4KNToPz5SAVa0GZrYAL3Q43p5MY/QBmYclYAmqPeqAmbgQ4lXkgKK0mYtr9S+N2Az0JvFaYJECztHZuFGhG3zw==",
      "dev": true
    },
    "typescript": {
      "version": "3.3.3",
      "resolved": "https://registry.npmjs.org/typescript/-/typescript-3.3.3.tgz",
      "integrity": "sha512-Y21Xqe54TBVp+VDSNbuDYdGw0BpoR/Q6wo/+35M8PAU0vipahnyduJWirxxdxjsAkS7hue53x2zp8gz7F05u0A=="
    }
  }
}
